Microsoft Visual Studio Solution File, Format Version 12.00
# Visual Studio Version 17
VisualStudioVersion = 17.2.32210.308
MinimumVisualStudioVersion = 15.0.26124.0

Project("{2150E333-8FDC-42A3-9474-1A3956D46DE8}") = "Source", "Source", "{37A9020C-1136-4045-A5CF-421E3232AD2D}"
EndProject
Project("{2150E333-8FDC-42A3-9474-1A3956D46DE8}") = "Platforms", "Platforms", "{A8AD8F3C-20DD-4883-B686-D936086D82AD}"
EndProject
Project("{2150E333-8FDC-42A3-9474-1A3956D46DE8}") = "Backend", "Backend", "{6F4D720F-7116-4F2C-9301-67B728933900}"
EndProject

Project("{9A19103F-16F7-4668-BE54-9A1E7A4F7556}") = "AsyncWebView.Sample", "AsyncWebView.Sample\AsyncWebView.Sample.csproj", "{1774069A-3279-4C8D-90C7-FE7738AAB567}"
EndProject
Project("{9A19103F-16F7-4668-BE54-9A1E7A4F7556}") = "AsyncWebView.Sample.Base", "AsyncWebView.Sample.Base\AsyncWebView.Sample.Base.csproj", "{2189102C-8698-4760-A2C5-ADED686F84E2}"
EndProject
Project("{9A19103F-16F7-4668-BE54-9A1E7A4F7556}") = "AsyncWebView.Sample.Mobile", "AsyncWebView.Sample.Mobile\AsyncWebView.Sample.Mobile.csproj", "{179E3FA4-19C1-4488-9482-420811D7EB27}"
EndProject
Project("{9A19103F-16F7-4668-BE54-9A1E7A4F7556}") = "AsyncWebView.Sample.Wasm", "AsyncWebView.Sample.Wasm\AsyncWebView.Sample.Wasm.csproj", "{63F870DE-CB4B-43ED-AF37-016EF860F6F1}"
EndProject
Project("{9A19103F-16F7-4668-BE54-9A1E7A4F7556}") = "AsyncWebView.Sample.Skia.Gtk", "AsyncWebView.Sample.Skia.Gtk\AsyncWebView.Sample.Skia.Gtk.csproj", "{0D95A679-E07E-40D7-A8A0-6F75DA9BE3D6}"
EndProject
Project("{9A19103F-16F7-4668-BE54-9A1E7A4F7556}") = "AsyncWebView.Sample.Windows", "AsyncWebView.Sample.Windows\AsyncWebView.Sample.Windows.csproj", "{175DD8F3-B71A-4168-8408-85EDCB6F9DDF}"
EndProject
Project("{9A19103F-16F7-4668-BE54-9A1E7A4F7556}") = "AsyncWebView.Sample.Server", "AsyncWebView.Sample.Server\AsyncWebView.Sample.Server.csproj", "{9B343D4C-464C-4DB9-BB6C-BA2DE0856B19}"
EndProject

Project("{2150E333-8FDC-42A3-9474-1A3956D46DE8}") = "Solution Items", "Solution Items", "{BADA71DC-7FFD-4EDC-9F28-FB74AEADC713}"
	ProjectSection(SolutionItems) = preProject
		.gitignore = .gitignore
		Directory.Build.props = Directory.Build.props
		Directory.Build.targets = Directory.Build.targets
		solution-config.props.sample = solution-config.props.sample
		Directory.Packages.props = Directory.Packages.props
	EndProjectSection
EndProject
Global
	GlobalSection(SolutionConfigurationPlatforms) = preSolution
		Debug|Any CPU = Debug|Any CPU
		Debug|ARM = Debug|ARM
		Debug|ARM64 = Debug|ARM64
		Debug|iPhone = Debug|iPhone
		Debug|iPhoneSimulator = Debug|iPhoneSimulator
		Debug|x64 = Debug|x64
		Debug|x86 = Debug|x86
		Release|Any CPU = Release|Any CPU
		Release|ARM = Release|ARM
		Release|ARM64 = Release|ARM64
		Release|iPhone = Release|iPhone
		Release|iPhoneSimulator = Release|iPhoneSimulator
		Release|x64 = Release|x64
		Release|x86 = Release|x86
	EndGlobalSection
	GlobalSection(ProjectConfigurationPlatforms) = postSolution
		{179E3FA4-19C1-4488-9482-420811D7EB27}.Debug|Any CPU.ActiveCfg = Debug|Any CPU
		{179E3FA4-19C1-4488-9482-420811D7EB27}.Debug|Any CPU.Build.0 = Debug|Any CPU
		{179E3FA4-19C1-4488-9482-420811D7EB27}.Debug|Any CPU.Deploy.0 = Debug|Any CPU
		{179E3FA4-19C1-4488-9482-420811D7EB27}.Debug|ARM.ActiveCfg = Debug|Any CPU
		{179E3FA4-19C1-4488-9482-420811D7EB27}.Debug|ARM.Build.0 = Debug|Any CPU
		{179E3FA4-19C1-4488-9482-420811D7EB27}.Debug|ARM.Deploy.0 = Debug|Any CPU
		{179E3FA4-19C1-4488-9482-420811D7EB27}.Debug|ARM64.ActiveCfg = Debug|Any CPU
		{179E3FA4-19C1-4488-9482-420811D7EB27}.Debug|ARM64.Build.0 = Debug|Any CPU
		{179E3FA4-19C1-4488-9482-420811D7EB27}.Debug|ARM64.Deploy.0 = Debug|Any CPU
		{179E3FA4-19C1-4488-9482-420811D7EB27}.Debug|iPhone.ActiveCfg = Debug|Any CPU
		{179E3FA4-19C1-4488-9482-420811D7EB27}.Debug|iPhone.Build.0 = Debug|Any CPU
		{179E3FA4-19C1-4488-9482-420811D7EB27}.Debug|iPhone.Deploy.0 = Debug|Any CPU
		{179E3FA4-19C1-4488-9482-420811D7EB27}.Debug|iPhoneSimulator.ActiveCfg = Debug|Any CPU
		{179E3FA4-19C1-4488-9482-420811D7EB27}.Debug|iPhoneSimulator.Build.0 = Debug|Any CPU
		{179E3FA4-19C1-4488-9482-420811D7EB27}.Debug|iPhoneSimulator.Deploy.0 = Debug|Any CPU
		{179E3FA4-19C1-4488-9482-420811D7EB27}.Debug|x64.ActiveCfg = Debug|Any CPU
		{179E3FA4-19C1-4488-9482-420811D7EB27}.Debug|x64.Build.0 = Debug|Any CPU
		{179E3FA4-19C1-4488-9482-420811D7EB27}.Debug|x64.Deploy.0 = Debug|Any CPU
		{179E3FA4-19C1-4488-9482-420811D7EB27}.Debug|x86.ActiveCfg = Debug|Any CPU
		{179E3FA4-19C1-4488-9482-420811D7EB27}.Debug|x86.Build.0 = Debug|Any CPU
		{179E3FA4-19C1-4488-9482-420811D7EB27}.Debug|x86.Deploy.0 = Debug|Any CPU
		{179E3FA4-19C1-4488-9482-420811D7EB27}.Release|Any CPU.ActiveCfg = Release|Any CPU
		{179E3FA4-19C1-4488-9482-420811D7EB27}.Release|Any CPU.Build.0 = Release|Any CPU
		{179E3FA4-19C1-4488-9482-420811D7EB27}.Release|Any CPU.Deploy.0 = Release|Any CPU
		{179E3FA4-19C1-4488-9482-420811D7EB27}.Release|ARM.ActiveCfg = Release|Any CPU
		{179E3FA4-19C1-4488-9482-420811D7EB27}.Release|ARM.Build.0 = Release|Any CPU
		{179E3FA4-19C1-4488-9482-420811D7EB27}.Release|ARM.Deploy.0 = Release|Any CPU
		{179E3FA4-19C1-4488-9482-420811D7EB27}.Release|ARM64.ActiveCfg = Release|Any CPU
		{179E3FA4-19C1-4488-9482-420811D7EB27}.Release|ARM64.Build.0 = Release|Any CPU
		{179E3FA4-19C1-4488-9482-420811D7EB27}.Release|ARM64.Deploy.0 = Release|Any CPU
		{179E3FA4-19C1-4488-9482-420811D7EB27}.Release|iPhone.ActiveCfg = Release|Any CPU
		{179E3FA4-19C1-4488-9482-420811D7EB27}.Release|iPhone.Build.0 = Release|Any CPU
		{179E3FA4-19C1-4488-9482-420811D7EB27}.Release|iPhone.Deploy.0 = Release|Any CPU
		{179E3FA4-19C1-4488-9482-420811D7EB27}.Release|iPhoneSimulator.ActiveCfg = Release|Any CPU
		{179E3FA4-19C1-4488-9482-420811D7EB27}.Release|iPhoneSimulator.Build.0 = Release|Any CPU
		{179E3FA4-19C1-4488-9482-420811D7EB27}.Release|iPhoneSimulator.Deploy.0 = Release|Any CPU
		{179E3FA4-19C1-4488-9482-420811D7EB27}.Release|x64.ActiveCfg = Release|Any CPU
		{179E3FA4-19C1-4488-9482-420811D7EB27}.Release|x64.Build.0 = Release|Any CPU
		{179E3FA4-19C1-4488-9482-420811D7EB27}.Release|x64.Deploy.0 = Release|Any CPU
		{179E3FA4-19C1-4488-9482-420811D7EB27}.Release|x86.ActiveCfg = Release|Any CPU
		{179E3FA4-19C1-4488-9482-420811D7EB27}.Release|x86.Build.0 = Release|Any CPU
		{179E3FA4-19C1-4488-9482-420811D7EB27}.Release|x86.Deploy.0 = Release|Any CPU
		{63F870DE-CB4B-43ED-AF37-016EF860F6F1}.Debug|Any CPU.ActiveCfg = Debug|Any CPU
		{63F870DE-CB4B-43ED-AF37-016EF860F6F1}.Debug|Any CPU.Build.0 = Debug|Any CPU
		{63F870DE-CB4B-43ED-AF37-016EF860F6F1}.Debug|ARM.ActiveCfg = Debug|Any CPU
		{63F870DE-CB4B-43ED-AF37-016EF860F6F1}.Debug|ARM.Build.0 = Debug|Any CPU
		{63F870DE-CB4B-43ED-AF37-016EF860F6F1}.Debug|ARM64.ActiveCfg = Debug|Any CPU
		{63F870DE-CB4B-43ED-AF37-016EF860F6F1}.Debug|ARM64.Build.0 = Debug|Any CPU
		{63F870DE-CB4B-43ED-AF37-016EF860F6F1}.Debug|iPhone.ActiveCfg = Debug|Any CPU
		{63F870DE-CB4B-43ED-AF37-016EF860F6F1}.Debug|iPhone.Build.0 = Debug|Any CPU
		{63F870DE-CB4B-43ED-AF37-016EF860F6F1}.Debug|iPhoneSimulator.ActiveCfg = Debug|Any CPU
		{63F870DE-CB4B-43ED-AF37-016EF860F6F1}.Debug|iPhoneSimulator.Build.0 = Debug|Any CPU
		{63F870DE-CB4B-43ED-AF37-016EF860F6F1}.Debug|x64.ActiveCfg = Debug|Any CPU
		{63F870DE-CB4B-43ED-AF37-016EF860F6F1}.Debug|x64.Build.0 = Debug|Any CPU
		{63F870DE-CB4B-43ED-AF37-016EF860F6F1}.Debug|x86.ActiveCfg = Debug|Any CPU
		{63F870DE-CB4B-43ED-AF37-016EF860F6F1}.Debug|x86.Build.0 = Debug|Any CPU
		{63F870DE-CB4B-43ED-AF37-016EF860F6F1}.Release|Any CPU.ActiveCfg = Release|Any CPU
		{63F870DE-CB4B-43ED-AF37-016EF860F6F1}.Release|Any CPU.Build.0 = Release|Any CPU
		{63F870DE-CB4B-43ED-AF37-016EF860F6F1}.Release|ARM.ActiveCfg = Release|Any CPU
		{63F870DE-CB4B-43ED-AF37-016EF860F6F1}.Release|ARM.Build.0 = Release|Any CPU
		{63F870DE-CB4B-43ED-AF37-016EF860F6F1}.Release|ARM64.ActiveCfg = Release|Any CPU
		{63F870DE-CB4B-43ED-AF37-016EF860F6F1}.Release|ARM64.Build.0 = Release|Any CPU
		{63F870DE-CB4B-43ED-AF37-016EF860F6F1}.Release|iPhone.ActiveCfg = Release|Any CPU
		{63F870DE-CB4B-43ED-AF37-016EF860F6F1}.Release|iPhone.Build.0 = Release|Any CPU
		{63F870DE-CB4B-43ED-AF37-016EF860F6F1}.Release|iPhoneSimulator.ActiveCfg = Release|Any CPU
		{63F870DE-CB4B-43ED-AF37-016EF860F6F1}.Release|iPhoneSimulator.Build.0 = Release|Any CPU
		{63F870DE-CB4B-43ED-AF37-016EF860F6F1}.Release|x64.ActiveCfg = Release|Any CPU
		{63F870DE-CB4B-43ED-AF37-016EF860F6F1}.Release|x64.Build.0 = Release|Any CPU
		{63F870DE-CB4B-43ED-AF37-016EF860F6F1}.Release|x86.ActiveCfg = Release|Any CPU
		{63F870DE-CB4B-43ED-AF37-016EF860F6F1}.Release|x86.Build.0 = Release|Any CPU
		{0D95A679-E07E-40D7-A8A0-6F75DA9BE3D6}.Debug|Any CPU.ActiveCfg = Debug|Any CPU
		{0D95A679-E07E-40D7-A8A0-6F75DA9BE3D6}.Debug|Any CPU.Build.0 = Debug|Any CPU
		{0D95A679-E07E-40D7-A8A0-6F75DA9BE3D6}.Debug|ARM.ActiveCfg = Debug|Any CPU
		{0D95A679-E07E-40D7-A8A0-6F75DA9BE3D6}.Debug|ARM.Build.0 = Debug|Any CPU
		{0D95A679-E07E-40D7-A8A0-6F75DA9BE3D6}.Debug|ARM64.ActiveCfg = Debug|Any CPU
		{0D95A679-E07E-40D7-A8A0-6F75DA9BE3D6}.Debug|ARM64.Build.0 = Debug|Any CPU
		{0D95A679-E07E-40D7-A8A0-6F75DA9BE3D6}.Debug|iPhone.ActiveCfg = Debug|Any CPU
		{0D95A679-E07E-40D7-A8A0-6F75DA9BE3D6}.Debug|iPhone.Build.0 = Debug|Any CPU
		{0D95A679-E07E-40D7-A8A0-6F75DA9BE3D6}.Debug|iPhoneSimulator.ActiveCfg = Debug|Any CPU
		{0D95A679-E07E-40D7-A8A0-6F75DA9BE3D6}.Debug|iPhoneSimulator.Build.0 = Debug|Any CPU
		{0D95A679-E07E-40D7-A8A0-6F75DA9BE3D6}.Debug|x64.ActiveCfg = Debug|Any CPU
		{0D95A679-E07E-40D7-A8A0-6F75DA9BE3D6}.Debug|x64.Build.0 = Debug|Any CPU
		{0D95A679-E07E-40D7-A8A0-6F75DA9BE3D6}.Debug|x86.ActiveCfg = Debug|Any CPU
		{0D95A679-E07E-40D7-A8A0-6F75DA9BE3D6}.Debug|x86.Build.0 = Debug|Any CPU
		{0D95A679-E07E-40D7-A8A0-6F75DA9BE3D6}.Release|Any CPU.ActiveCfg = Release|Any CPU
		{0D95A679-E07E-40D7-A8A0-6F75DA9BE3D6}.Release|Any CPU.Build.0 = Release|Any CPU
		{0D95A679-E07E-40D7-A8A0-6F75DA9BE3D6}.Release|ARM.ActiveCfg = Release|Any CPU
		{0D95A679-E07E-40D7-A8A0-6F75DA9BE3D6}.Release|ARM.Build.0 = Release|Any CPU
		{0D95A679-E07E-40D7-A8A0-6F75DA9BE3D6}.Release|ARM64.ActiveCfg = Release|Any CPU
		{0D95A679-E07E-40D7-A8A0-6F75DA9BE3D6}.Release|ARM64.Build.0 = Release|Any CPU
		{0D95A679-E07E-40D7-A8A0-6F75DA9BE3D6}.Release|iPhone.ActiveCfg = Release|Any CPU
		{0D95A679-E07E-40D7-A8A0-6F75DA9BE3D6}.Release|iPhone.Build.0 = Release|Any CPU
		{0D95A679-E07E-40D7-A8A0-6F75DA9BE3D6}.Release|iPhoneSimulator.ActiveCfg = Release|Any CPU
		{0D95A679-E07E-40D7-A8A0-6F75DA9BE3D6}.Release|iPhoneSimulator.Build.0 = Release|Any CPU
		{0D95A679-E07E-40D7-A8A0-6F75DA9BE3D6}.Release|x64.ActiveCfg = Release|Any CPU
		{0D95A679-E07E-40D7-A8A0-6F75DA9BE3D6}.Release|x64.Build.0 = Release|Any CPU
		{0D95A679-E07E-40D7-A8A0-6F75DA9BE3D6}.Release|x86.ActiveCfg = Release|Any CPU
		{0D95A679-E07E-40D7-A8A0-6F75DA9BE3D6}.Release|x86.Build.0 = Release|Any CPU
		{9B343D4C-464C-4DB9-BB6C-BA2DE0856B19}.Debug|Any CPU.ActiveCfg = Debug|Any CPU
		{9B343D4C-464C-4DB9-BB6C-BA2DE0856B19}.Debug|Any CPU.Build.0 = Debug|Any CPU
		{9B343D4C-464C-4DB9-BB6C-BA2DE0856B19}.Debug|ARM.ActiveCfg = Debug|Any CPU
		{9B343D4C-464C-4DB9-BB6C-BA2DE0856B19}.Debug|ARM.Build.0 = Debug|Any CPU
		{9B343D4C-464C-4DB9-BB6C-BA2DE0856B19}.Debug|ARM64.ActiveCfg = Debug|Any CPU
		{9B343D4C-464C-4DB9-BB6C-BA2DE0856B19}.Debug|ARM64.Build.0 = Debug|Any CPU
		{9B343D4C-464C-4DB9-BB6C-BA2DE0856B19}.Debug|iPhone.ActiveCfg = Debug|Any CPU
		{9B343D4C-464C-4DB9-BB6C-BA2DE0856B19}.Debug|iPhone.Build.0 = Debug|Any CPU
		{9B343D4C-464C-4DB9-BB6C-BA2DE0856B19}.Debug|iPhoneSimulator.ActiveCfg = Debug|Any CPU
		{9B343D4C-464C-4DB9-BB6C-BA2DE0856B19}.Debug|iPhoneSimulator.Build.0 = Debug|Any CPU
		{9B343D4C-464C-4DB9-BB6C-BA2DE0856B19}.Debug|x64.ActiveCfg = Debug|Any CPU
		{9B343D4C-464C-4DB9-BB6C-BA2DE0856B19}.Debug|x64.Build.0 = Debug|Any CPU
		{9B343D4C-464C-4DB9-BB6C-BA2DE0856B19}.Debug|x86.ActiveCfg = Debug|Any CPU
		{9B343D4C-464C-4DB9-BB6C-BA2DE0856B19}.Debug|x86.Build.0 = Debug|Any CPU
		{9B343D4C-464C-4DB9-BB6C-BA2DE0856B19}.Release|Any CPU.ActiveCfg = Release|Any CPU
		{9B343D4C-464C-4DB9-BB6C-BA2DE0856B19}.Release|Any CPU.Build.0 = Release|Any CPU
		{9B343D4C-464C-4DB9-BB6C-BA2DE0856B19}.Release|ARM.ActiveCfg = Release|Any CPU
		{9B343D4C-464C-4DB9-BB6C-BA2DE0856B19}.Release|ARM.Build.0 = Release|Any CPU
		{9B343D4C-464C-4DB9-BB6C-BA2DE0856B19}.Release|ARM64.ActiveCfg = Release|Any CPU
		{9B343D4C-464C-4DB9-BB6C-BA2DE0856B19}.Release|ARM64.Build.0 = Release|Any CPU
		{9B343D4C-464C-4DB9-BB6C-BA2DE0856B19}.Release|iPhone.ActiveCfg = Release|Any CPU
		{9B343D4C-464C-4DB9-BB6C-BA2DE0856B19}.Release|iPhone.Build.0 = Release|Any CPU
		{9B343D4C-464C-4DB9-BB6C-BA2DE0856B19}.Release|iPhoneSimulator.ActiveCfg = Release|Any CPU
		{9B343D4C-464C-4DB9-BB6C-BA2DE0856B19}.Release|iPhoneSimulator.Build.0 = Release|Any CPU
		{9B343D4C-464C-4DB9-BB6C-BA2DE0856B19}.Release|x64.ActiveCfg = Release|Any CPU
		{9B343D4C-464C-4DB9-BB6C-BA2DE0856B19}.Release|x64.Build.0 = Release|Any CPU
		{9B343D4C-464C-4DB9-BB6C-BA2DE0856B19}.Release|x86.ActiveCfg = Release|Any CPU
		{9B343D4C-464C-4DB9-BB6C-BA2DE0856B19}.Release|x86.Build.0 = Release|Any CPU
		{1774069A-3279-4C8D-90C7-FE7738AAB567}.Debug|Any CPU.ActiveCfg = Debug|Any CPU
		{1774069A-3279-4C8D-90C7-FE7738AAB567}.Debug|Any CPU.Build.0 = Debug|Any CPU
		{1774069A-3279-4C8D-90C7-FE7738AAB567}.Debug|ARM.ActiveCfg = Debug|Any CPU
		{1774069A-3279-4C8D-90C7-FE7738AAB567}.Debug|ARM.Build.0 = Debug|Any CPU
		{1774069A-3279-4C8D-90C7-FE7738AAB567}.Debug|ARM64.ActiveCfg = Debug|Any CPU
		{1774069A-3279-4C8D-90C7-FE7738AAB567}.Debug|ARM64.Build.0 = Debug|Any CPU
		{1774069A-3279-4C8D-90C7-FE7738AAB567}.Debug|iPhone.ActiveCfg = Debug|Any CPU
		{1774069A-3279-4C8D-90C7-FE7738AAB567}.Debug|iPhone.Build.0 = Debug|Any CPU
		{1774069A-3279-4C8D-90C7-FE7738AAB567}.Debug|iPhoneSimulator.ActiveCfg = Debug|Any CPU
		{1774069A-3279-4C8D-90C7-FE7738AAB567}.Debug|iPhoneSimulator.Build.0 = Debug|Any CPU
		{1774069A-3279-4C8D-90C7-FE7738AAB567}.Debug|x64.ActiveCfg = Debug|Any CPU
		{1774069A-3279-4C8D-90C7-FE7738AAB567}.Debug|x64.Build.0 = Debug|Any CPU
		{1774069A-3279-4C8D-90C7-FE7738AAB567}.Debug|x86.ActiveCfg = Debug|Any CPU
		{1774069A-3279-4C8D-90C7-FE7738AAB567}.Debug|x86.Build.0 = Debug|Any CPU
		{1774069A-3279-4C8D-90C7-FE7738AAB567}.Release|Any CPU.ActiveCfg = Release|Any CPU
		{1774069A-3279-4C8D-90C7-FE7738AAB567}.Release|Any CPU.Build.0 = Release|Any CPU
		{1774069A-3279-4C8D-90C7-FE7738AAB567}.Release|ARM.ActiveCfg = Release|Any CPU
		{1774069A-3279-4C8D-90C7-FE7738AAB567}.Release|ARM.Build.0 = Release|Any CPU
		{1774069A-3279-4C8D-90C7-FE7738AAB567}.Release|ARM64.ActiveCfg = Release|Any CPU
		{1774069A-3279-4C8D-90C7-FE7738AAB567}.Release|ARM64.Build.0 = Release|Any CPU
		{1774069A-3279-4C8D-90C7-FE7738AAB567}.Release|iPhone.ActiveCfg = Release|Any CPU
		{1774069A-3279-4C8D-90C7-FE7738AAB567}.Release|iPhone.Build.0 = Release|Any CPU
		{1774069A-3279-4C8D-90C7-FE7738AAB567}.Release|iPhoneSimulator.ActiveCfg = Release|Any CPU
		{1774069A-3279-4C8D-90C7-FE7738AAB567}.Release|iPhoneSimulator.Build.0 = Release|Any CPU
		{1774069A-3279-4C8D-90C7-FE7738AAB567}.Release|x64.ActiveCfg = Release|Any CPU
		{1774069A-3279-4C8D-90C7-FE7738AAB567}.Release|x64.Build.0 = Release|Any CPU
		{1774069A-3279-4C8D-90C7-FE7738AAB567}.Release|x86.ActiveCfg = Release|Any CPU
		{1774069A-3279-4C8D-90C7-FE7738AAB567}.Release|x86.Build.0 = Release|Any CPU
		{175DD8F3-B71A-4168-8408-85EDCB6F9DDF}.Debug|Any CPU.ActiveCfg = Debug|x64
		{175DD8F3-B71A-4168-8408-85EDCB6F9DDF}.Debug|Any CPU.Build.0 = Debug|x64
		{175DD8F3-B71A-4168-8408-85EDCB6F9DDF}.Debug|Any CPU.Deploy.0 = Debug|x64
		{175DD8F3-B71A-4168-8408-85EDCB6F9DDF}.Debug|ARM.ActiveCfg = Debug|x64
		{175DD8F3-B71A-4168-8408-85EDCB6F9DDF}.Debug|ARM.Build.0 = Debug|x64
		{175DD8F3-B71A-4168-8408-85EDCB6F9DDF}.Debug|ARM.Deploy.0 = Debug|x64
		{175DD8F3-B71A-4168-8408-85EDCB6F9DDF}.Debug|ARM64.ActiveCfg = Debug|arm64
		{175DD8F3-B71A-4168-8408-85EDCB6F9DDF}.Debug|ARM64.Build.0 = Debug|arm64
		{175DD8F3-B71A-4168-8408-85EDCB6F9DDF}.Debug|ARM64.Deploy.0 = Debug|arm64
		{175DD8F3-B71A-4168-8408-85EDCB6F9DDF}.Debug|iPhone.ActiveCfg = Debug|x64
		{175DD8F3-B71A-4168-8408-85EDCB6F9DDF}.Debug|iPhone.Build.0 = Debug|x64
		{175DD8F3-B71A-4168-8408-85EDCB6F9DDF}.Debug|iPhone.Deploy.0 = Debug|x64
		{175DD8F3-B71A-4168-8408-85EDCB6F9DDF}.Debug|iPhoneSimulator.ActiveCfg = Debug|x64
		{175DD8F3-B71A-4168-8408-85EDCB6F9DDF}.Debug|iPhoneSimulator.Build.0 = Debug|x64
		{175DD8F3-B71A-4168-8408-85EDCB6F9DDF}.Debug|iPhoneSimulator.Deploy.0 = Debug|x64
		{175DD8F3-B71A-4168-8408-85EDCB6F9DDF}.Debug|x64.ActiveCfg = Debug|x64
		{175DD8F3-B71A-4168-8408-85EDCB6F9DDF}.Debug|x64.Build.0 = Debug|x64
		{175DD8F3-B71A-4168-8408-85EDCB6F9DDF}.Debug|x86.ActiveCfg = Debug|x86
		{175DD8F3-B71A-4168-8408-85EDCB6F9DDF}.Debug|x86.Build.0 = Debug|x86
		{175DD8F3-B71A-4168-8408-85EDCB6F9DDF}.Release|Any CPU.ActiveCfg = Release|x64
		{175DD8F3-B71A-4168-8408-85EDCB6F9DDF}.Release|Any CPU.Build.0 = Release|x64
		{175DD8F3-B71A-4168-8408-85EDCB6F9DDF}.Release|Any CPU.Deploy.0 = Release|x64
		{175DD8F3-B71A-4168-8408-85EDCB6F9DDF}.Release|ARM.ActiveCfg = Release|x64
		{175DD8F3-B71A-4168-8408-85EDCB6F9DDF}.Release|ARM.Build.0 = Release|x64
		{175DD8F3-B71A-4168-8408-85EDCB6F9DDF}.Release|ARM64.ActiveCfg = Release|arm64
		{175DD8F3-B71A-4168-8408-85EDCB6F9DDF}.Release|ARM64.Build.0 = Release|arm64
		{175DD8F3-B71A-4168-8408-85EDCB6F9DDF}.Release|iPhone.ActiveCfg = Release|x64
		{175DD8F3-B71A-4168-8408-85EDCB6F9DDF}.Release|iPhone.Build.0 = Release|x64
		{175DD8F3-B71A-4168-8408-85EDCB6F9DDF}.Release|iPhoneSimulator.ActiveCfg = Release|x64
		{175DD8F3-B71A-4168-8408-85EDCB6F9DDF}.Release|iPhoneSimulator.Build.0 = Release|x64
		{175DD8F3-B71A-4168-8408-85EDCB6F9DDF}.Release|x64.ActiveCfg = Release|x64
		{175DD8F3-B71A-4168-8408-85EDCB6F9DDF}.Release|x64.Build.0 = Release|x64
		{175DD8F3-B71A-4168-8408-85EDCB6F9DDF}.Release|x86.ActiveCfg = Release|x86
		{175DD8F3-B71A-4168-8408-85EDCB6F9DDF}.Release|x86.Build.0 = Release|x86
	EndGlobalSection
	GlobalSection(SolutionProperties) = preSolution
		HideSolutionNode = FALSE
	EndGlobalSection
	GlobalSection(NestedProjects) = preSolution
		{1774069A-3279-4C8D-90C7-FE7738AAB567} = {37A9020C-1136-4045-A5CF-421E3232AD2D}
		{2189102C-8698-4760-A2C5-ADED686F84E2} = {A8AD8F3C-20DD-4883-B686-D936086D82AD}
		{A8AD8F3C-20DD-4883-B686-D936086D82AD} = {37A9020C-1136-4045-A5CF-421E3232AD2D}
		{6F4D720F-7116-4F2C-9301-67B728933900} = {37A9020C-1136-4045-A5CF-421E3232AD2D}
		{179E3FA4-19C1-4488-9482-420811D7EB27} = {A8AD8F3C-20DD-4883-B686-D936086D82AD}
		{63F870DE-CB4B-43ED-AF37-016EF860F6F1} = {A8AD8F3C-20DD-4883-B686-D936086D82AD}
		{0D95A679-E07E-40D7-A8A0-6F75DA9BE3D6} = {A8AD8F3C-20DD-4883-B686-D936086D82AD}
		{175DD8F3-B71A-4168-8408-85EDCB6F9DDF} = {A8AD8F3C-20DD-4883-B686-D936086D82AD}
		{9B343D4C-464C-4DB9-BB6C-BA2DE0856B19} = {6F4D720F-7116-4F2C-9301-67B728933900}
	EndGlobalSection
	GlobalSection(ExtensibilityGlobals) = postSolution
		SolutionGuid = {4B139C0F-4498-43D4-BFE8-8914A8A31BA7}
	EndGlobalSection
EndGlobal
